{
  "requires": true,
  "lockfileVersion": 1,
  "dependencies": {
    "bootstrap": {
      "version": "3.4.1",
      "resolved": "https://registry.npmjs.org/bootstrap/-/bootstrap-3.4.1.tgz",
      "integrity": "sha512-yN5oZVmRCwe5aKwzRj6736nSmKDX7pLYwsXiCj/EYmo16hODaBiT4En5btW/jhBF/seV+XMx3aYwukYC3A49DA=="
    },
    "codemirror": {
      "version": "5.54.0",
      "resolved": "https://registry.npmjs.org/codemirror/-/codemirror-5.54.0.tgz",
      "integrity": "sha512-Pgf3surv4zvw+KaW3doUU7pGjF0BPU8/sj7eglWJjzni46U/DDW8pu3nZY0QgQKUcICDXRkq8jZmq0y6KhxM3Q=="
    },
    "datatables-i18n": {
      "version": "git://github.com/dzhuang/datatables-i18n.git#688313ba2d3c0b608dc5ca3f4903c82e9bc5e3d9",
      "from": "git://github.com/dzhuang/datatables-i18n.git"
    },
    "datatables.net": {
      "version": "1.10.23",
      "resolved": "https://registry.npmjs.org/datatables.net/-/datatables.net-1.10.23.tgz",
      "integrity": "sha512-we3tlNkzpxvgkKKlTxTMXPCt35untVXNg8zUYWpQyC1U5vJc+lT0+Zdc1ztK8d3lh5CfdnuFde2p8n3XwaGl3Q==",
      "requires": {
        "jquery": ">=1.7"
      }
    },
    "datatables.net-bs": {
      "version": "1.10.23",
      "resolved": "https://registry.npmjs.org/datatables.net-bs/-/datatables.net-bs-1.10.23.tgz",
      "integrity": "sha512-O/kJxT93i9hIq8trdbHuIcHhrTodkVPfPqvxOqKK8lJ03XUUrT6V8ZoGyxROFjQGcgbye5CoRLVf7MY+5biOIQ==",
      "requires": {
        "datatables.net": "1.10.23",
        "jquery": ">=1.7"
      }
    },
    "datatables.net-fixedcolumns": {
      "version": "3.3.2",
      "resolved": "https://registry.npmjs.org/datatables.net-fixedcolumns/-/datatables.net-fixedcolumns-3.3.2.tgz",
      "integrity": "sha512-LKWJZDSU9R8Z7rz/YSxSyAhxvtBvrA08oCY7y9h8ExynfEG3XUzAPejb2Y1I0YznPcnaYEnukUXLRHU6DjTnWQ==",
      "requires": {
        "datatables.net": "^1.10.15",
        "jquery": ">=1.7"
      }
    },
    "datatables.net-fixedcolumns-bs": {
      "version": "3.3.2",
      "resolved": "https://registry.npmjs.org/datatables.net-fixedcolumns-bs/-/datatables.net-fixedcolumns-bs-3.3.2.tgz",
      "integrity": "sha512-RRPLAhzjEIW8zBPwfFbc6uJaP1nwLcMSNCEnyztT4DP3D0r4lv3+dFX+s0FPhTX7p+ZrX/BLDwgctliWgCJfNQ==",
      "requires": {
        "datatables.net-bs": "^1.10.15",
        "datatables.net-fixedcolumns": "3.3.2",
        "jquery": ">=1.7"
      }
    },
    "font-awesome": {
      "version": "4.7.0",
      "resolved": "https://registry.npmjs.org/font-awesome/-/font-awesome-4.7.0.tgz",
      "integrity": "sha1-j6jPBBGhoxr9B7BtKQK7n8gVoTM="
    },
    "jquery": {
      "version": "3.5.1",
      "resolved": "https://registry.npmjs.org/jquery/-/jquery-3.5.1.tgz",
      "integrity": "sha512-XwIBPqcMn57FxfT+Go5pzySnm4KWkT1Tv7gjrpT1srtf8Weynl6R273VJ5GjkRb51IzMp5nbaPjJXMWeju2MKg=="
    },
    "jquery-ui-dist": {
      "version": "1.12.1",
      "resolved": "https://registry.npmjs.org/jquery-ui-dist/-/jquery-ui-dist-1.12.1.tgz",
      "integrity": "sha1-XAgV08xvkP9fqvWyaKbiO0ypBPo="
    },
    "pdf.js": {
      "version": "git://github.com/dzhuang/pdfjs-dist-viewer-min.git#2d3ace4edc4da5f5a309844dec261d8dbcf09338",
      "from": "git://github.com/dzhuang/pdfjs-dist-viewer-min.git"
    }
  }
}
